// !$*UTF8*$!
{
	archiveVersion = 1;
	classes = {
	};
	objectVersion = 46;
	objects = {

/* Begin PBXBuildFile section */
		B23CA6551C4CE97700B54568 /* AppDelegate.swift in Sources */ = {isa = PBXBuildFile; fileRef = B23CA6541C4CE97700B54568 /* AppDelegate.swift */; };
		B23CA6571C4CE97700B54568 /* ViewController.swift in Sources */ = {isa = PBXBuildFile; fileRef = B23CA6561C4CE97700B54568 /* ViewController.swift */; };
		B23CA65A1C4CE97700B54568 /* Main.storyboard in Resources */ = {isa = PBXBuildFile; fileRef = B23CA6581C4CE97700B54568 /* Main.storyboard */; };
		B23CA65D1C4CE97700B54568 /* Recipez.xcdatamodeld in Sources */ = {isa = PBXBuildFile; fileRef = B23CA65B1C4CE97700B54568 /* Recipez.xcdatamodeld */; };
		B23CA65F1C4CE97700B54568 /* Assets.xcassets in Resources */ = {isa = PBXBuildFile; fileRef = B23CA65E1C4CE97700B54568 /* Assets.xcassets */; };
		B23CA6621C4CE97700B54568 /* LaunchScreen.storyboard in Resources */ = {isa = PBXBuildFile; fileRef = B23CA6601C4CE97700B54568 /* LaunchScreen.storyboard */; };
/* End PBXBuildFile section */

/* Begin PBXFileReference section */
		B23CA6511C4CE97700B54568 /* Recipez.app */ = {isa = PBXFileReference; explicitFileType = wrapper.application; includeInIndex = 0; path = Recipez.app; sourceTree = BUILT_PRODUCTS_DIR; };
		B23CA6541C4CE97700B54568 /* AppDelegate.swift */ = {isa = PBXFileReference; lastKnownFileType = sourcecode.swift; path = AppDelegate.swift; sourceTree = "<group>"; };
		B23CA6561C4CE97700B54568 /* ViewController.swift */ = {isa = PBXFileReference; lastKnownFileType = sourcecode.swift; path = ViewController.swift; sourceTree = "<group>"; };
		B23CA6591C4CE97700B54568 /* Base */ = {isa = PBXFileReference; lastKnownFileType = file.storyboard; name = Base; path = Base.lproj/Main.storyboard; sourceTree = "<group>"; };
		B23CA65C1C4CE97700B54568 /* Recipez.xcdatamodel */ = {isa = PBXFileReference; lastKnownFileType = wrapper.xcdatamodel; path = Recipez.xcdatamodel; sourceTree = "<group>"; };
		B23CA65E1C4CE97700B54568 /* Assets.xcassets */ = {isa = PBXFileReference; lastKnownFileType = folder.assetcatalog; path = Assets.xcassets; sourceTree = "<group>"; };
		B23CA6611C4CE97700B54568 /* Base */ = {isa = PBXFileReference; lastKnownFileType = file.storyboard; name = Base; path = Base.lproj/LaunchScreen.storyboard; sourceTree = "<group>"; };
		B23CA6631C4CE97700B54568 /* Info.plist */ = {isa = PBXFileReference; lastKnownFileType = text.plist.xml; path = Info.plist; sourceTree = "<group>"; };
/* End PBXFileReference section */

/* Begin PBXFrameworksBuildPhase section */
		B23CA64E1C4CE97700B54568 /* Frameworks */ = {
			isa = PBXFrameworksBuildPhase;
			buildActionMask = 2147483647;
			files = (
			);
			runOnlyForDeploymentPostprocessing = 0;
		};
/* End PBXFrameworksBuildPhase section */

/* Begin PBXGroup section */
		B23CA6481C4CE97700B54568 = {
			isa = PBXGroup;
			children = (
				B23CA6531C4CE97700B54568 /* Recipez */,
				B23CA6521C4CE97700B54568 /* Products */,
			);
			sourceTree = "<group>";
		};
		B23CA6521C4CE97700B54568 /* Products */ = {
			isa = PBXGroup;
			children = (
				B23CA6511C4CE97700B54568 /* Recipez.app */,
			);
			name = Products;
			sourceTree = "<group>";
		};
		B23CA6531C4CE97700B54568 /* Recipez */ = {
			isa = PBXGroup;
			children = (
				B23CA6541C4CE97700B54568 /* AppDelegate.swift */,
				B23CA6561C4CE97700B54568 /* ViewController.swift */,
				B23CA6581C4CE97700B54568 /* Main.storyboard */,
				B23CA65E1C4CE97700B54568 /* Assets.xcassets */,
				B23CA6601C4CE97700B54568 /* LaunchScreen.storyboard */,
				B23CA6631C4CE97700B54568 /* Info.plist */,
				B23CA65B1C4CE97700B54568 /* Recipez.xcdatamodeld */,
			);
			path = Recipez;
			sourceTree = "<group>";
		};
/* End PBXGroup section */

/* Begin PBXNativeTarget section */
		B23CA6501C4CE97700B54568 /* Recipez */ = {
			isa = PBXNativeTarget;
			buildConfigurationList = B23CA6661C4CE97700B54568 /* Build configuration list for PBXNativeTarget "Recipez" */;
			buildPhases = (
				B23CA64D1C4CE97700B54568 /* Sources */,
				B23CA64E1C4CE97700B54568 /* Frameworks */,
				B23CA64F1C4CE97700B54568 /* Resources */,
			);
			buildRules = (
			);
			dependencies = (
			);
			name = Recipez;
			productName = Recipez;
			productReference = B23CA6511C4CE97700B54568 /* Recipez.app */;
			productType = "com.apple.product-type.application";
		};
/* End PBXNativeTarget section */

/* Begin PBXProject section */
		B23CA6491C4CE97700B54568 /* Project object */ = {
			isa = PBXProject;
			attributes = {
				LastUpgradeCheck = 0700;
				ORGANIZATIONNAME = psskhal;
				TargetAttributes = {
					B23CA6501C4CE97700B54568 = {
						CreatedOnToolsVersion = 7.0.1;
					};
				};
			};
			buildConfigurationList = B23CA64C1C4CE97700B54568 /* Build configuration list for PBXProject "Recipez" */;
			compatibilityVersion = "Xcode 3.2";
			developmentRegion = English;
			hasScannedForEncodings = 0;
			knownRegions = (
				en,
				Base,
			);
			mainGroup = B23CA6481C4CE97700B54568;
			productRefGroup = B23CA6521C4CE97700B54568 /* Products */;
			projectDirPath = "";
			projectRoot = "";
			targets = (
				B23CA6501C4CE97700B54568 /* Recipez */,
			);
		};
/* End PBXProject section */

/* Begin PBXResourcesBuildPhase section */
		B23CA64F1C4CE97700B54568 /* Resources */ = {
			isa = PBXResourcesBuildPhase;
			buildActionMask = 2147483647;
			files = (
				B23CA6621C4CE97700B54568 /* LaunchScreen.storyboard in Resources */,
				B23CA65F1C4CE97700B54568 /* Assets.xcassets in Resources */,
				B23CA65A1C4CE97700B54568 /* Main.storyboard in Resources */,
			);
			runOnlyForDeploymentPostprocessing = 0;
		};
/* End PBXResourcesBuildPhase section */

/* Begin PBXSourcesBuildPhase section */
		B23CA64D1C4CE97700B54568 /* Sources */ = {
			isa = PBXSourcesBuildPhase;
			buildActionMask = 2147483647;
			files = (
				B23CA6571C4CE97700B54568 /* ViewController.swift in Sources */,
				B23CA6551C4CE97700B54568 /* AppDelegate.swift in Sources */,
				B23CA65D1C4CE97700B54568 /* Recipez.xcdatamodeld in Sources */,
			);
			runOnlyForDeploymentPostprocessing = 0;
		};
/* End PBXSourcesBuildPhase section */

/* Begin PBXVariantGroup section */
		B23CA6581C4CE97700B54568 /* Main.storyboard */ = {
			isa = PBXVariantGroup;
			children = (
				B23CA6591C4CE97700B54568 /* Base */,
			);
			name = Main.storyboard;
			sourceTree = "<group>";
		};
		B23CA6601C4CE97700B54568 /* LaunchScreen.storyboard */ = {
			isa = PBXVariantGroup;
			children = (
				B23CA6611C4CE97700B54568 /* Base */,
			);
			name = LaunchScreen.storyboard;
			sourceTree = "<group>";
		};
/* End PBXVariantGroup section */

/* Begin XCBuildConfiguration section */
		B23CA6641C4CE97700B54568 /* Debug */ = {
			isa = XCBuildConfiguration;
			buildSettings = {
				ALWAYS_SEARCH_USER_PATHS = NO;
				CLANG_CXX_LANGUAGE_STANDARD = "gnu++0x";
				CLANG_CXX_LIBRARY = "libc++";
				CLANG_ENABLE_MODULES = YES;
				CLANG_ENABLE_OBJC_ARC = YES;
				CLANG_WARN_BOOL_CONVERSION = YES;
				CLANG_WARN_CONSTANT_CONVERSION = YES;
				CLANG_WARN_DIRECT_OBJC_ISA_USAGE = YES_ERROR;
				CLANG_WARN_EMPTY_BODY = YES;
				CLANG_WARN_ENUM_CONVERSION = YES;
				CLANG_WARN_INT_CONVERSION = YES;
				CLANG_WARN_OBJC_ROOT_CLASS = YES_ERROR;
				CLANG_WARN_UNREACHABLE_CODE = YES;
				CLANG_WARN__DUPLICATE_METHOD_MATCH = YES;
				"CODE_SIGN_IDENTITY[sdk=iphoneos*]" = "iPhone Developer";
				COPY_PHASE_STRIP = NO;
				DEBUG_INFORMATION_FORMAT = dwarf;
				ENABLE_STRICT_OBJC_MSGSEND = YES;
				ENABLE_TESTABILITY = YES;
				GCC_C_LANGUAGE_STANDARD = gnu99;
				GCC_DYNAMIC_NO_PIC = NO;
				GCC_NO_COMMON_BLOCKS = YES;
				GCC_OPTIMIZATION_LEVEL = 0;
				GCC_PREPROCESSOR_DEFINITIONS = (
					"DEBUG=1",
					"$(inherited)",
				);
				GCC_WARN_64_TO_32_BIT_CONVERSION = YES;
				GCC_WARN_ABOUT_RETURN_TYPE = YES_ERROR;
				GCC_WARN_UNDECLARED_SELECTOR = YES;
				GCC_WARN_UNINITIALIZED_AUTOS = YES_AGGRESSIVE;
				GCC_WARN_UNUSED_FUNCTION = YES;
				GCC_WARN_UNUSED_VARIABLE = YES;
				IPHONEOS_DEPLOYMENT_TARGET = 9.0;
				MTL_ENABLE_DEBUG_INFO = YES;
				ONLY_ACTIVE_ARCH = YES;
				SDKROOT = iphoneos;
				SWIFT_OPTIMIZATION_LEVEL = "-Onone";
				TARGETED_DEVICE_FAMILY = "1,2";
			};
			name = Debug;
		};
		B23CA6651C4CE97700B54568 /* Release */ = {
			isa = XCBuildConfiguration;
			buildSettings = {
				ALWAYS_SEARCH_USER_PATHS = NO;
				CLANG_CXX_LANGUAGE_STANDARD = "gnu++0x";
				CLANG_CXX_LIBRARY = "libc++";
				CLANG_ENABLE_MODULES = YES;
				CLANG_ENABLE_OBJC_ARC = YES;
				CLANG_WARN_BOOL_CONVERSION = YES;
				CLANG_WARN_CONSTANT_CONVERSION = YES;
				CLANG_WARN_DIRECT_OBJC_ISA_USAGE = YES_ERROR;
				CLANG_WARN_EMPTY_BODY = YES;
				CLANG_WARN_ENUM_CONVERSION = YES;
				CLANG_WARN_INT_CONVERSION = YES;
				CLANG_WARN_OBJC_ROOT_CLASS = YES_ERROR;
				CLANG_WARN_UNREACHABLE_CODE = YES;
				CLANG_WARN__DUPLICATE_METHOD_MATCH = YES;
				"CODE_SIGN_IDENTITY[sdk=iphoneos*]" = "iPhone Developer";
				COPY_PHASE_STRIP = NO;
				DEBUG_INFORMATION_FORMAT = "dwarf-with-dsym";
				ENABLE_NS_ASSERTIONS = NO;
				ENABLE_STRICT_OBJC_MSGSEND = YES;
				GCC_C_LANGUAGE_STANDARD = gnu99;
				GCC_NO_COMMON_BLOCKS = YES;
				GCC_WARN_64_TO_32_BIT_CONVERSION = YES;
				GCC_WARN_ABOUT_RETURN_TYPE = YES_ERROR;
				GCC_WARN_UNDECLARED_SELECTOR = YES;
				GCC_WARN_UNINITIALIZED_AUTOS = YES_AGGRESSIVE;
				GCC_WARN_UNUSED_FUNCTION = YES;
				GCC_WARN_UNUSED_VARIABLE = YES;
				IPHONEOS_DEPLOYMENT_TARGET = 9.0;
				MTL_ENABLE_DEBUG_INFO = NO;
				SDKROOT = iphoneos;
				TARGETED_DEVICE_FAMILY = "1,2";
				VALIDATE_PRODUCT = YES;
			};
			name = Release;
		};
		B23CA6671C4CE97700B54568 /* Debug */ = {
			isa = XCBuildConfiguration;
			buildSettings = {
				ASSETCATALOG_COMPILER_APPICON_NAME = AppIcon;
				INFOPLIST_FILE = Recipez/Info.plist;
				LD_RUNPATH_SEARCH_PATHS = "$(inherited) @executable_path/Frameworks";
				PRODUCT_BUNDLE_IDENTIFIER = com.psskhal.Recipez;
				PRODUCT_NAME = "$(TARGET_NAME)";
			};
			name = Debug;
		};
		B23CA6681C4CE97700B54568 /* Release */ = {
			isa = XCBuildConfiguration;
			buildSettings = {
				ASSETCATALOG_COMPILER_APPICON_NAME = AppIcon;
				INFOPLIST_FILE = Recipez/Info.plist;
				LD_RUNPATH_SEARCH_PATHS = "$(inherited) @executable_path/Frameworks";
				PRODUCT_BUNDLE_IDENTIFIER = com.psskhal.Recipez;
				PRODUCT_NAME = "$(TARGET_NAME)";
			};
			name = Release;
		};
/* End XCBuildConfiguration section */

/* Begin XCConfigurationList section */
		B23CA64C1C4CE97700B54568 /* Build configuration list for PBXProject "Recipez" */ = {
			isa = XCConfigurationList;
			buildConfigurations = (
				B23CA6641C4CE97700B54568 /* Debug */,
				B23CA6651C4CE97700B54568 /* Release */,
			);
			defaultConfigurationIsVisible = 0;
			defaultConfigurationName = Release;
		};
		B23CA6661C4CE97700B54568 /* Build configuration list for PBXNativeTarget "Recipez" */ = {
			isa = XCConfigurationList;
			buildConfigurations = (
				B23CA6671C4CE97700B54568 /* Debug */,
				B23CA6681C4CE97700B54568 /* Release */,
			);
			defaultConfigurationIsVisible = 0;
		};
/* End XCConfigurationList section */

/* Begin XCVersionGroup section */
		B23CA65B1C4CE97700B54568 /* Recipez.xcdatamodeld */ = {
			isa = XCVersionGroup;
			children = (
				B23CA65C1C4CE97700B54568 /* Recipez.xcdatamodel */,
			);
			currentVersion = B23CA65C1C4CE97700B54568 /* Recipez.xcdatamodel */;
			path = Recipez.xcdatamodeld;
			sourceTree = "<group>";
			versionGroupType = wrapper.xcdatamodel;
		};
/* End XCVersionGroup section */
	};
	rootObject = B23CA6491C4CE97700B54568 /* Project object */;
}
